Microsoft Visual Studio Solution File, Format Version 12.00
# Visual Studio Version 17
VisualStudioVersion = 17.5.2.0
MinimumVisualStudioVersion = 10.0.40219.1
Project("{2150E333-8FDC-42A3-9474-1A3956D46DE8}") = "csharp", "csharp", "{B41BF331-FCCB-2ADF-CDB6-767964B34647}"
EndProject
Project("{FAE04EC0-301F-11D3-BF4B-00C04F79EFBC}") = "Sieve", "csharp\Sieve\Sieve.csproj", "{3272537E-763E-D27B-0F0D-C6CF9AF3A0F2}"
EndProject
Project("{FAE04EC0-301F-11D3-BF4B-00C04F79EFBC}") = "Sieve.Tests", "csharp\Sieve.Tests\Sieve.Tests.csproj", "{02D79E48-FE66-78AE-A9C1-0915603A22AF}"
EndProject
Global
	GlobalSection(SolutionConfigurationPlatforms) = preSolution
		Debug|Any CPU = Debug|Any CPU
		Release|Any CPU = Release|Any CPU
	EndGlobalSection
	GlobalSection(ProjectConfigurationPlatforms) = postSolution
		{3272537E-763E-D27B-0F0D-C6CF9AF3A0F2}.Debug|Any CPU.ActiveCfg = Debug|Any CPU
		{3272537E-763E-D27B-0F0D-C6CF9AF3A0F2}.Debug|Any CPU.Build.0 = Debug|Any CPU
		{3272537E-763E-D27B-0F0D-C6CF9AF3A0F2}.Release|Any CPU.ActiveCfg = Release|Any CPU
		{3272537E-763E-D27B-0F0D-C6CF9AF3A0F2}.Release|Any CPU.Build.0 = Release|Any CPU
		{02D79E48-FE66-78AE-A9C1-0915603A22AF}.Debug|Any CPU.ActiveCfg = Debug|Any CPU
		{02D79E48-FE66-78AE-A9C1-0915603A22AF}.Debug|Any CPU.Build.0 = Debug|Any CPU
		{02D79E48-FE66-78AE-A9C1-0915603A22AF}.Release|Any CPU.ActiveCfg = Release|Any CPU
		{02D79E48-FE66-78AE-A9C1-0915603A22AF}.Release|Any CPU.Build.0 = Release|Any CPU
	EndGlobalSection
	GlobalSection(SolutionProperties) = preSolution
		HideSolutionNode = FALSE
	EndGlobalSection
	GlobalSection(NestedProjects) = preSolution
		{3272537E-763E-D27B-0F0D-C6CF9AF3A0F2} = {B41BF331-FCCB-2ADF-CDB6-767964B34647}
		{02D79E48-FE66-78AE-A9C1-0915603A22AF} = {B41BF331-FCCB-2ADF-CDB6-767964B34647}
	EndGlobalSection
	GlobalSection(ExtensibilityGlobals) = postSolution
		SolutionGuid = {502BD10B-9C46-480C-A7CD-94AE4297F192}
	EndGlobalSection
EndGlobal
